// !$*UTF8*$!
{
	archiveVersion = 1;
	classes = {
	};
	objectVersion = 46;
	objects = {

/* Begin PBXBuildFile section */
		F2F2C6E61F594B8400E9994A /* AppDelegate.swift in Sources */ = {isa = PBXBuildFile; fileRef = F2F2C6E51F594B8400E9994A /* AppDelegate.swift */; };
		F2F2C6E81F594B8400E9994A /* ViewController.swift in Sources */ = {isa = PBXBuildFile; fileRef = F2F2C6E71F594B8400E9994A /* ViewController.swift */; };
		F2F2C6EB1F594B8400E9994A /* Main.storyboard in Resources */ = {isa = PBXBuildFile; fileRef = F2F2C6E91F594B8400E9994A /* Main.storyboard */; };
		F2F2C6ED1F594B8400E9994A /* Assets.xcassets in Resources */ = {isa = PBXBuildFile; fileRef = F2F2C6EC1F594B8400E9994A /* Assets.xcassets */; };
		F2F2C6F01F594B8400E9994A /* LaunchScreen.storyboard in Resources */ = {isa = PBXBuildFile; fileRef = F2F2C6EE1F594B8400E9994A /* LaunchScreen.storyboard */; };
		F2F2C6F81F594BCF00E9994A /* CollectionViewCell.swift in Sources */ = {isa = PBXBuildFile; fileRef = F2F2C6F71F594BCF00E9994A /* CollectionViewCell.swift */; };
/* End PBXBuildFile section */

/* Begin PBXFileReference section */
		F2F2C6E21F594B8400E9994A /* CollectionView.app */ = {isa = PBXFileReference; explicitFileType = wrapper.application; includeInIndex = 0; path = CollectionView.app; sourceTree = BUILT_PRODUCTS_DIR; };
		F2F2C6E51F594B8400E9994A /* AppDelegate.swift */ = {isa = PBXFileReference; lastKnownFileType = sourcecode.swift; path = AppDelegate.swift; sourceTree = "<group>"; };
		F2F2C6E71F594B8400E9994A /* ViewController.swift */ = {isa = PBXFileReference; lastKnownFileType = sourcecode.swift; path = ViewController.swift; sourceTree = "<group>"; };
		F2F2C6EA1F594B8400E9994A /* Base */ = {isa = PBXFileReference; lastKnownFileType = file.storyboard; name = Base; path = Base.lproj/Main.storyboard; sourceTree = "<group>"; };
		F2F2C6EC1F594B8400E9994A /* Assets.xcassets */ = {isa = PBXFileReference; lastKnownFileType = folder.assetcatalog; path = Assets.xcassets; sourceTree = "<group>"; };
		F2F2C6EF1F594B8400E9994A /* Base */ = {isa = PBXFileReference; lastKnownFileType = file.storyboard; name = Base; path = Base.lproj/LaunchScreen.storyboard; sourceTree = "<group>"; };
		F2F2C6F11F594B8400E9994A /* Info.plist */ = {isa = PBXFileReference; lastKnownFileType = text.plist.xml; path = Info.plist; sourceTree = "<group>"; };
		F2F2C6F71F594BCF00E9994A /* CollectionViewCell.swift */ = {isa = PBXFileReference; fileEncoding = 4; lastKnownFileType = sourcecode.swift; path = CollectionViewCell.swift; sourceTree = "<group>"; };
/* End PBXFileReference section */

/* Begin PBXFrameworksBuildPhase section */
		F2F2C6DF1F594B8400E9994A /* Frameworks */ = {
			isa = PBXFrameworksBuildPhase;
			buildActionMask = 2147483647;
			files = (
			);
			runOnlyForDeploymentPostprocessing = 0;
		};
/* End PBXFrameworksBuildPhase section */

/* Begin PBXGroup section */
		F2F2C6D91F594B8400E9994A = {
			isa = PBXGroup;
			children = (
				F2F2C6E41F594B8400E9994A /* CollectionView */,
				F2F2C6E31F594B8400E9994A /* Products */,
			);
			sourceTree = "<group>";
		};
		F2F2C6E31F594B8400E9994A /* Products */ = {
			isa = PBXGroup;
			children = (
				F2F2C6E21F594B8400E9994A /* CollectionView.app */,
			);
			name = Products;
			sourceTree = "<group>";
		};
		F2F2C6E41F594B8400E9994A /* CollectionView */ = {
			isa = PBXGroup;
			children = (
				F2F2C6E51F594B8400E9994A /* AppDelegate.swift */,
				F2F2C6E71F594B8400E9994A /* ViewController.swift */,
				F2F2C6F71F594BCF00E9994A /* CollectionViewCell.swift */,
				F2F2C6E91F594B8400E9994A /* Main.storyboard */,
				F2F2C6EC1F594B8400E9994A /* Assets.xcassets */,
				F2F2C6EE1F594B8400E9994A /* LaunchScreen.storyboard */,
				F2F2C6F11F594B8400E9994A /* Info.plist */,
			);
			path = CollectionView;
			sourceTree = "<group>";
		};
/* End PBXGroup section */

/* Begin PBXNativeTarget section */
		F2F2C6E11F594B8400E9994A /* CollectionView */ = {
			isa = PBXNativeTarget;
			buildConfigurationList = F2F2C6F41F594B8400E9994A /* Build configuration list for PBXNativeTarget "CollectionView" */;
			buildPhases = (
				F2F2C6DE1F594B8400E9994A /* Sources */,
				F2F2C6DF1F594B8400E9994A /* Frameworks */,
				F2F2C6E01F594B8400E9994A /* Resources */,
			);
			buildRules = (
			);
			dependencies = (
			);
			name = CollectionView;
			productName = CollectionView;
			productReference = F2F2C6E21F594B8400E9994A /* CollectionView.app */;
			productType = "com.apple.product-type.application";
		};
/* End PBXNativeTarget section */

/* Begin PBXProject section */
		F2F2C6DA1F594B8400E9994A /* Project object */ = {
			isa = PBXProject;
			attributes = {
				LastSwiftUpdateCheck = 0820;
				LastUpgradeCheck = 0820;
				ORGANIZATIONNAME = ZJ;
				TargetAttributes = {
					F2F2C6E11F594B8400E9994A = {
						CreatedOnToolsVersion = 8.2.1;
						DevelopmentTeam = 2DEDNW2H7U;
						ProvisioningStyle = Automatic;
					};
				};
			};
			buildConfigurationList = F2F2C6DD1F594B8400E9994A /* Build configuration list for PBXProject "CollectionView" */;
			compatibilityVersion = "Xcode 3.2";
			developmentRegion = English;
			hasScannedForEncodings = 0;
			knownRegions = (
				en,
				Base,
			);
			mainGroup = F2F2C6D91F594B8400E9994A;
			productRefGroup = F2F2C6E31F594B8400E9994A /* Products */;
			projectDirPath = "";
			projectRoot = "";
			targets = (
				F2F2C6E11F594B8400E9994A /* CollectionView */,
			);
		};
/* End PBXProject section */

/* Begin PBXResourcesBuildPhase section */
		F2F2C6E01F594B8400E9994A /* Resources */ = {
			isa = PBXResourcesBuildPhase;
			buildActionMask = 2147483647;
			files = (
				F2F2C6F01F594B8400E9994A /* LaunchScreen.storyboard in Resources */,
				F2F2C6ED1F594B8400E9994A /* Assets.xcassets in Resources */,
				F2F2C6EB1F594B8400E9994A /* Main.storyboard in Resources */,
			);
			runOnlyForDeploymentPostprocessing = 0;
		};
/* End PBXResourcesBuildPhase section */

/* Begin PBXSourcesBuildPhase section */
		F2F2C6DE1F594B8400E9994A /* Sources */ = {
			isa = PBXSourcesBuildPhase;
			buildActionMask = 2147483647;
			files = (
				F2F2C6E81F594B8400E9994A /* ViewController.swift in Sources */,
				F2F2C6E61F594B8400E9994A /* AppDelegate.swift in Sources */,
				F2F2C6F81F594BCF00E9994A /* CollectionViewCell.swift in Sources */,
			);
			runOnlyForDeploymentPostprocessing = 0;
		};
/* End PBXSourcesBuildPhase section */

/* Begin PBXVariantGroup section */
		F2F2C6E91F594B8400E9994A /* Main.storyboard */ = {
			isa = PBXVariantGroup;
			children = (
				F2F2C6EA1F594B8400E9994A /* Base */,
			);
			name = Main.storyboard;
			sourceTree = "<group>";
		};
		F2F2C6EE1F594B8400E9994A /* LaunchScreen.storyboard */ = {
			isa = PBXVariantGroup;
			children = (
				F2F2C6EF1F594B8400E9994A /* Base */,
			);
			name = LaunchScreen.storyboard;
			sourceTree = "<group>";
		};
/* End PBXVariantGroup section */

/* Begin XCBuildConfiguration section */
		F2F2C6F21F594B8400E9994A /* Debug */ = {
			isa = XCBuildConfiguration;
			buildSettings = {
				ALWAYS_SEARCH_USER_PATHS = NO;
				CLANG_ANALYZER_NONNULL = YES;
				CLANG_CXX_LANGUAGE_STANDARD = "gnu++0x";
				CLANG_CXX_LIBRARY = "libc++";
				CLANG_ENABLE_MODULES = YES;
				CLANG_ENABLE_OBJC_ARC = YES;
				CLANG_WARN_BOOL_CONVERSION = YES;
				CLANG_WARN_CONSTANT_CONVERSION = YES;
				CLANG_WARN_DIRECT_OBJC_ISA_USAGE = YES_ERROR;
				CLANG_WARN_DOCUMENTATION_COMMENTS = YES;
				CLANG_WARN_EMPTY_BODY = YES;
				CLANG_WARN_ENUM_CONVERSION = YES;
				CLANG_WARN_INFINITE_RECURSION = YES;
				CLANG_WARN_INT_CONVERSION = YES;
				CLANG_WARN_OBJC_ROOT_CLASS = YES_ERROR;
				CLANG_WARN_SUSPICIOUS_MOVE = YES;
				CLANG_WARN_UNREACHABLE_CODE = YES;
				CLANG_WARN__DUPLICATE_METHOD_MATCH = YES;
				"CODE_SIGN_IDENTITY[sdk=iphoneos*]" = "iPhone Developer";
				COPY_PHASE_STRIP = NO;
				DEBUG_INFORMATION_FORMAT = dwarf;
				ENABLE_STRICT_OBJC_MSGSEND = YES;
				ENABLE_TESTABILITY = YES;
				GCC_C_LANGUAGE_STANDARD = gnu99;
				GCC_DYNAMIC_NO_PIC = NO;
				GCC_NO_COMMON_BLOCKS = YES;
				GCC_OPTIMIZATION_LEVEL = 0;
				GCC_PREPROCESSOR_DEFINITIONS = (
					"DEBUG=1",
					"$(inherited)",
				);
				GCC_WARN_64_TO_32_BIT_CONVERSION = YES;
				GCC_WARN_ABOUT_RETURN_TYPE = YES_ERROR;
				GCC_WARN_UNDECLARED_SELECTOR = YES;
				GCC_WARN_UNINITIALIZED_AUTOS = YES_AGGRESSIVE;
				GCC_WARN_UNUSED_FUNCTION = YES;
				GCC_WARN_UNUSED_VARIABLE = YES;
				IPHONEOS_DEPLOYMENT_TARGET = 10.2;
				MTL_ENABLE_DEBUG_INFO = YES;
				ONLY_ACTIVE_ARCH = YES;
				SDKROOT = iphoneos;
				SWIFT_ACTIVE_COMPILATION_CONDITIONS = DEBUG;
				SWIFT_OPTIMIZATION_LEVEL = "-Onone";
			};
			name = Debug;
		};
		F2F2C6F31F594B8400E9994A /* Release */ = {
			isa = XCBuildConfiguration;
			buildSettings = {
				ALWAYS_SEARCH_USER_PATHS = NO;
				CLANG_ANALYZER_NONNULL = YES;
				CLANG_CXX_LANGUAGE_STANDARD = "gnu++0x";
				CLANG_CXX_LIBRARY = "libc++";
				CLANG_ENABLE_MODULES = YES;
				CLANG_ENABLE_OBJC_ARC = YES;
				CLANG_WARN_BOOL_CONVERSION = YES;
				CLANG_WARN_CONSTANT_CONVERSION = YES;
				CLANG_WARN_DIRECT_OBJC_ISA_USAGE = YES_ERROR;
				CLANG_WARN_DOCUMENTATION_COMMENTS = YES;
				CLANG_WARN_EMPTY_BODY = YES;
				CLANG_WARN_ENUM_CONVERSION = YES;
				CLANG_WARN_INFINITE_RECURSION = YES;
				CLANG_WARN_INT_CONVERSION = YES;
				CLANG_WARN_OBJC_ROOT_CLASS = YES_ERROR;
				CLANG_WARN_SUSPICIOUS_MOVE = YES;
				CLANG_WARN_UNREACHABLE_CODE = YES;
				CLANG_WARN__DUPLICATE_METHOD_MATCH = YES;
				"CODE_SIGN_IDENTITY[sdk=iphoneos*]" = "iPhone Developer";
				COPY_PHASE_STRIP = NO;
				DEBUG_INFORMATION_FORMAT = "dwarf-with-dsym";
				ENABLE_NS_ASSERTIONS = NO;
				ENABLE_STRICT_OBJC_MSGSEND = YES;
				GCC_C_LANGUAGE_STANDARD = gnu99;
				GCC_NO_COMMON_BLOCKS = YES;
				GCC_WARN_64_TO_32_BIT_CONVERSION = YES;
				GCC_WARN_ABOUT_RETURN_TYPE = YES_ERROR;
				GCC_WARN_UNDECLARED_SELECTOR = YES;
				GCC_WARN_UNINITIALIZED_AUTOS = YES_AGGRESSIVE;
				GCC_WARN_UNUSED_FUNCTION = YES;
				GCC_WARN_UNUSED_VARIABLE = YES;
				IPHONEOS_DEPLOYMENT_TARGET = 10.2;
				MTL_ENABLE_DEBUG_INFO = NO;
				SDKROOT = iphoneos;
				SWIFT_OPTIMIZATION_LEVEL = "-Owholemodule";
				VALIDATE_PRODUCT = YES;
			};
			name = Release;
		};
		F2F2C6F51F594B8400E9994A /* Debug */ = {
			isa = XCBuildConfiguration;
			buildSettings = {
				ASSETCATALOG_COMPILER_APPICON_NAME = AppIcon;
				DEVELOPMENT_TEAM = 2DEDNW2H7U;
				INFOPLIST_FILE = CollectionView/Info.plist;
				LD_RUNPATH_SEARCH_PATHS = "$(inherited) @executable_path/Frameworks";
				PRODUCT_BUNDLE_IDENTIFIER = ZJ.CollectionView;
				PRODUCT_NAME = "$(TARGET_NAME)";
				SWIFT_VERSION = 3.0;
			};
			name = Debug;
		};
		F2F2C6F61F594B8400E9994A /* Release */ = {
			isa = XCBuildConfiguration;
			buildSettings = {
				ASSETCATALOG_COMPILER_APPICON_NAME = AppIcon;
				DEVELOPMENT_TEAM = 2DEDNW2H7U;
				INFOPLIST_FILE = CollectionView/Info.plist;
				LD_RUNPATH_SEARCH_PATHS = "$(inherited) @executable_path/Frameworks";
				PRODUCT_BUNDLE_IDENTIFIER = ZJ.CollectionView;
				PRODUCT_NAME = "$(TARGET_NAME)";
				SWIFT_VERSION = 3.0;
			};
			name = Release;
		};
/* End XCBuildConfiguration section */

/* Begin XCConfigurationList section */
		F2F2C6DD1F594B8400E9994A /* Build configuration list for PBXProject "CollectionView" */ = {
			isa = XCConfigurationList;
			buildConfigurations = (
				F2F2C6F21F594B8400E9994A /* Debug */,
				F2F2C6F31F594B8400E9994A /* Release */,
			);
			defaultConfigurationIsVisible = 0;
			defaultConfigurationName = Release;
		};
		F2F2C6F41F594B8400E9994A /* Build configuration list for PBXNativeTarget "CollectionView" */ = {
			isa = XCConfigurationList;
			buildConfigurations = (
				F2F2C6F51F594B8400E9994A /* Debug */,
				F2F2C6F61F594B8400E9994A /* Release */,
			);
			defaultConfigurationIsVisible = 0;
		};
/* End XCConfigurationList section */
	};
	rootObject = F2F2C6DA1F594B8400E9994A /* Project object */;
}
