// !$*UTF8*$!
{
	archiveVersion = 1;
	classes = {
	};
	objectVersion = 46;
	objects = {

/* Begin PBXBuildFile section */
		38417A571F5AD84100112ACF /* AppDelegate.swift in Sources */ = {isa = PBXBuildFile; fileRef = 38417A561F5AD84100112ACF /* AppDelegate.swift */; };
		38417A591F5AD84100112ACF /* ViewController.swift in Sources */ = {isa = PBXBuildFile; fileRef = 38417A581F5AD84100112ACF /* ViewController.swift */; };
		38417A5C1F5AD84200112ACF /* Main.storyboard in Resources */ = {isa = PBXBuildFile; fileRef = 38417A5A1F5AD84200112ACF /* Main.storyboard */; };
		38417A5E1F5AD84200112ACF /* Assets.xcassets in Resources */ = {isa = PBXBuildFile; fileRef = 38417A5D1F5AD84200112ACF /* Assets.xcassets */; };
		38417A611F5AD84200112ACF /* LaunchScreen.storyboard in Resources */ = {isa = PBXBuildFile; fileRef = 38417A5F1F5AD84200112ACF /* LaunchScreen.storyboard */; };
/* End PBXBuildFile section */

/* Begin PBXFileReference section */
		38417A531F5AD84100112ACF /* MaskAnimation.app */ = {isa = PBXFileReference; explicitFileType = wrapper.application; includeInIndex = 0; path = MaskAnimation.app; sourceTree = BUILT_PRODUCTS_DIR; };
		38417A561F5AD84100112ACF /* AppDelegate.swift */ = {isa = PBXFileReference; lastKnownFileType = sourcecode.swift; path = AppDelegate.swift; sourceTree = "<group>"; };
		38417A581F5AD84100112ACF /* ViewController.swift */ = {isa = PBXFileReference; lastKnownFileType = sourcecode.swift; path = ViewController.swift; sourceTree = "<group>"; };
		38417A5B1F5AD84200112ACF /* Base */ = {isa = PBXFileReference; lastKnownFileType = file.storyboard; name = Base; path = Base.lproj/Main.storyboard; sourceTree = "<group>"; };
		38417A5D1F5AD84200112ACF /* Assets.xcassets */ = {isa = PBXFileReference; lastKnownFileType = folder.assetcatalog; path = Assets.xcassets; sourceTree = "<group>"; };
		38417A601F5AD84200112ACF /* Base */ = {isa = PBXFileReference; lastKnownFileType = file.storyboard; name = Base; path = Base.lproj/LaunchScreen.storyboard; sourceTree = "<group>"; };
		38417A621F5AD84200112ACF /* Info.plist */ = {isa = PBXFileReference; lastKnownFileType = text.plist.xml; path = Info.plist; sourceTree = "<group>"; };
/* End PBXFileReference section */

/* Begin PBXFrameworksBuildPhase section */
		38417A501F5AD84100112ACF /* Frameworks */ = {
			isa = PBXFrameworksBuildPhase;
			buildActionMask = 2147483647;
			files = (
			);
			runOnlyForDeploymentPostprocessing = 0;
		};
/* End PBXFrameworksBuildPhase section */

/* Begin PBXGroup section */
		38417A4A1F5AD84100112ACF = {
			isa = PBXGroup;
			children = (
				38417A551F5AD84100112ACF /* MaskAnimation */,
				38417A541F5AD84100112ACF /* Products */,
			);
			sourceTree = "<group>";
		};
		38417A541F5AD84100112ACF /* Products */ = {
			isa = PBXGroup;
			children = (
				38417A531F5AD84100112ACF /* MaskAnimation.app */,
			);
			name = Products;
			sourceTree = "<group>";
		};
		38417A551F5AD84100112ACF /* MaskAnimation */ = {
			isa = PBXGroup;
			children = (
				38417A561F5AD84100112ACF /* AppDelegate.swift */,
				38417A581F5AD84100112ACF /* ViewController.swift */,
				38417A5A1F5AD84200112ACF /* Main.storyboard */,
				38417A5D1F5AD84200112ACF /* Assets.xcassets */,
				38417A5F1F5AD84200112ACF /* LaunchScreen.storyboard */,
				38417A621F5AD84200112ACF /* Info.plist */,
			);
			path = MaskAnimation;
			sourceTree = "<group>";
		};
/* End PBXGroup section */

/* Begin PBXNativeTarget section */
		38417A521F5AD84100112ACF /* MaskAnimation */ = {
			isa = PBXNativeTarget;
			buildConfigurationList = 38417A651F5AD84200112ACF /* Build configuration list for PBXNativeTarget "MaskAnimation" */;
			buildPhases = (
				38417A4F1F5AD84100112ACF /* Sources */,
				38417A501F5AD84100112ACF /* Frameworks */,
				38417A511F5AD84100112ACF /* Resources */,
			);
			buildRules = (
			);
			dependencies = (
			);
			name = MaskAnimation;
			productName = MaskAnimation;
			productReference = 38417A531F5AD84100112ACF /* MaskAnimation.app */;
			productType = "com.apple.product-type.application";
		};
/* End PBXNativeTarget section */

/* Begin PBXProject section */
		38417A4B1F5AD84100112ACF /* Project object */ = {
			isa = PBXProject;
			attributes = {
				LastSwiftUpdateCheck = 0810;
				LastUpgradeCheck = 0810;
				ORGANIZATIONNAME = Zj;
				TargetAttributes = {
					38417A521F5AD84100112ACF = {
						CreatedOnToolsVersion = 8.1;
						DevelopmentTeam = ADESGAWMRV;
						ProvisioningStyle = Automatic;
					};
				};
			};
			buildConfigurationList = 38417A4E1F5AD84100112ACF /* Build configuration list for PBXProject "MaskAnimation" */;
			compatibilityVersion = "Xcode 3.2";
			developmentRegion = English;
			hasScannedForEncodings = 0;
			knownRegions = (
				en,
				Base,
			);
			mainGroup = 38417A4A1F5AD84100112ACF;
			productRefGroup = 38417A541F5AD84100112ACF /* Products */;
			projectDirPath = "";
			projectRoot = "";
			targets = (
				38417A521F5AD84100112ACF /* MaskAnimation */,
			);
		};
/* End PBXProject section */

/* Begin PBXResourcesBuildPhase section */
		38417A511F5AD84100112ACF /* Resources */ = {
			isa = PBXResourcesBuildPhase;
			buildActionMask = 2147483647;
			files = (
				38417A611F5AD84200112ACF /* LaunchScreen.storyboard in Resources */,
				38417A5E1F5AD84200112ACF /* Assets.xcassets in Resources */,
				38417A5C1F5AD84200112ACF /* Main.storyboard in Resources */,
			);
			runOnlyForDeploymentPostprocessing = 0;
		};
/* End PBXResourcesBuildPhase section */

/* Begin PBXSourcesBuildPhase section */
		38417A4F1F5AD84100112ACF /* Sources */ = {
			isa = PBXSourcesBuildPhase;
			buildActionMask = 2147483647;
			files = (
				38417A591F5AD84100112ACF /* ViewController.swift in Sources */,
				38417A571F5AD84100112ACF /* AppDelegate.swift in Sources */,
			);
			runOnlyForDeploymentPostprocessing = 0;
		};
/* End PBXSourcesBuildPhase section */

/* Begin PBXVariantGroup section */
		38417A5A1F5AD84200112ACF /* Main.storyboard */ = {
			isa = PBXVariantGroup;
			children = (
				38417A5B1F5AD84200112ACF /* Base */,
			);
			name = Main.storyboard;
			sourceTree = "<group>";
		};
		38417A5F1F5AD84200112ACF /* LaunchScreen.storyboard */ = {
			isa = PBXVariantGroup;
			children = (
				38417A601F5AD84200112ACF /* Base */,
			);
			name = LaunchScreen.storyboard;
			sourceTree = "<group>";
		};
/* End PBXVariantGroup section */

/* Begin XCBuildConfiguration section */
		38417A631F5AD84200112ACF /* Debug */ = {
			isa = XCBuildConfiguration;
			buildSettings = {
				ALWAYS_SEARCH_USER_PATHS = NO;
				CLANG_ANALYZER_NONNULL = YES;
				CLANG_CXX_LANGUAGE_STANDARD = "gnu++0x";
				CLANG_CXX_LIBRARY = "libc++";
				CLANG_ENABLE_MODULES = YES;
				CLANG_ENABLE_OBJC_ARC = YES;
				CLANG_WARN_BOOL_CONVERSION = YES;
				CLANG_WARN_CONSTANT_CONVERSION = YES;
				CLANG_WARN_DIRECT_OBJC_ISA_USAGE = YES_ERROR;
				CLANG_WARN_DOCUMENTATION_COMMENTS = YES;
				CLANG_WARN_EMPTY_BODY = YES;
				CLANG_WARN_ENUM_CONVERSION = YES;
				CLANG_WARN_INFINITE_RECURSION = YES;
				CLANG_WARN_INT_CONVERSION = YES;
				CLANG_WARN_OBJC_ROOT_CLASS = YES_ERROR;
				CLANG_WARN_SUSPICIOUS_MOVES = YES;
				CLANG_WARN_UNREACHABLE_CODE = YES;
				CLANG_WARN__DUPLICATE_METHOD_MATCH = YES;
				"CODE_SIGN_IDENTITY[sdk=iphoneos*]" = "iPhone Developer";
				COPY_PHASE_STRIP = NO;
				DEBUG_INFORMATION_FORMAT = dwarf;
				ENABLE_STRICT_OBJC_MSGSEND = YES;
				ENABLE_TESTABILITY = YES;
				GCC_C_LANGUAGE_STANDARD = gnu99;
				GCC_DYNAMIC_NO_PIC = NO;
				GCC_NO_COMMON_BLOCKS = YES;
				GCC_OPTIMIZATION_LEVEL = 0;
				GCC_PREPROCESSOR_DEFINITIONS = (
					"DEBUG=1",
					"$(inherited)",
				);
				GCC_WARN_64_TO_32_BIT_CONVERSION = YES;
				GCC_WARN_ABOUT_RETURN_TYPE = YES_ERROR;
				GCC_WARN_UNDECLARED_SELECTOR = YES;
				GCC_WARN_UNINITIALIZED_AUTOS = YES_AGGRESSIVE;
				GCC_WARN_UNUSED_FUNCTION = YES;
				GCC_WARN_UNUSED_VARIABLE = YES;
				IPHONEOS_DEPLOYMENT_TARGET = 10.1;
				MTL_ENABLE_DEBUG_INFO = YES;
				ONLY_ACTIVE_ARCH = YES;
				SDKROOT = iphoneos;
				SWIFT_ACTIVE_COMPILATION_CONDITIONS = DEBUG;
				SWIFT_OPTIMIZATION_LEVEL = "-Onone";
			};
			name = Debug;
		};
		38417A641F5AD84200112ACF /* Release */ = {
			isa = XCBuildConfiguration;
			buildSettings = {
				ALWAYS_SEARCH_USER_PATHS = NO;
				CLANG_ANALYZER_NONNULL = YES;
				CLANG_CXX_LANGUAGE_STANDARD = "gnu++0x";
				CLANG_CXX_LIBRARY = "libc++";
				CLANG_ENABLE_MODULES = YES;
				CLANG_ENABLE_OBJC_ARC = YES;
				CLANG_WARN_BOOL_CONVERSION = YES;
				CLANG_WARN_CONSTANT_CONVERSION = YES;
				CLANG_WARN_DIRECT_OBJC_ISA_USAGE = YES_ERROR;
				CLANG_WARN_DOCUMENTATION_COMMENTS = YES;
				CLANG_WARN_EMPTY_BODY = YES;
				CLANG_WARN_ENUM_CONVERSION = YES;
				CLANG_WARN_INFINITE_RECURSION = YES;
				CLANG_WARN_INT_CONVERSION = YES;
				CLANG_WARN_OBJC_ROOT_CLASS = YES_ERROR;
				CLANG_WARN_SUSPICIOUS_MOVES = YES;
				CLANG_WARN_UNREACHABLE_CODE = YES;
				CLANG_WARN__DUPLICATE_METHOD_MATCH = YES;
				"CODE_SIGN_IDENTITY[sdk=iphoneos*]" = "iPhone Developer";
				COPY_PHASE_STRIP = NO;
				DEBUG_INFORMATION_FORMAT = "dwarf-with-dsym";
				ENABLE_NS_ASSERTIONS = NO;
				ENABLE_STRICT_OBJC_MSGSEND = YES;
				GCC_C_LANGUAGE_STANDARD = gnu99;
				GCC_NO_COMMON_BLOCKS = YES;
				GCC_WARN_64_TO_32_BIT_CONVERSION = YES;
				GCC_WARN_ABOUT_RETURN_TYPE = YES_ERROR;
				GCC_WARN_UNDECLARED_SELECTOR = YES;
				GCC_WARN_UNINITIALIZED_AUTOS = YES_AGGRESSIVE;
				GCC_WARN_UNUSED_FUNCTION = YES;
				GCC_WARN_UNUSED_VARIABLE = YES;
				IPHONEOS_DEPLOYMENT_TARGET = 10.1;
				MTL_ENABLE_DEBUG_INFO = NO;
				SDKROOT = iphoneos;
				SWIFT_OPTIMIZATION_LEVEL = "-Owholemodule";
				VALIDATE_PRODUCT = YES;
			};
			name = Release;
		};
		38417A661F5AD84200112ACF /* Debug */ = {
			isa = XCBuildConfiguration;
			buildSettings = {
				ASSETCATALOG_COMPILER_APPICON_NAME = AppIcon;
				DEVELOPMENT_TEAM = ADESGAWMRV;
				INFOPLIST_FILE = MaskAnimation/Info.plist;
				LD_RUNPATH_SEARCH_PATHS = "$(inherited) @executable_path/Frameworks";
				PRODUCT_BUNDLE_IDENTIFIER = Zj.MaskAnimation;
				PRODUCT_NAME = "$(TARGET_NAME)";
				SWIFT_VERSION = 3.0;
			};
			name = Debug;
		};
		38417A671F5AD84200112ACF /* Release */ = {
			isa = XCBuildConfiguration;
			buildSettings = {
				ASSETCATALOG_COMPILER_APPICON_NAME = AppIcon;
				DEVELOPMENT_TEAM = ADESGAWMRV;
				INFOPLIST_FILE = MaskAnimation/Info.plist;
				LD_RUNPATH_SEARCH_PATHS = "$(inherited) @executable_path/Frameworks";
				PRODUCT_BUNDLE_IDENTIFIER = Zj.MaskAnimation;
				PRODUCT_NAME = "$(TARGET_NAME)";
				SWIFT_VERSION = 3.0;
			};
			name = Release;
		};
/* End XCBuildConfiguration section */

/* Begin XCConfigurationList section */
		38417A4E1F5AD84100112ACF /* Build configuration list for PBXProject "MaskAnimation" */ = {
			isa = XCConfigurationList;
			buildConfigurations = (
				38417A631F5AD84200112ACF /* Debug */,
				38417A641F5AD84200112ACF /* Release */,
			);
			defaultConfigurationIsVisible = 0;
			defaultConfigurationName = Release;
		};
		38417A651F5AD84200112ACF /* Build configuration list for PBXNativeTarget "MaskAnimation" */ = {
			isa = XCConfigurationList;
			buildConfigurations = (
				38417A661F5AD84200112ACF /* Debug */,
				38417A671F5AD84200112ACF /* Release */,
			);
			defaultConfigurationIsVisible = 0;
		};
/* End XCConfigurationList section */
	};
	rootObject = 38417A4B1F5AD84100112ACF /* Project object */;
}
